
Microsoft Visual Studio Solution File, Format Version 12.00
# Visual Studio Version 17
VisualStudioVersion = 17.10.34814.14
MinimumVisualStudioVersion = 10.0.40219.1
Project("{FAE04EC0-301F-11D3-BF4B-00C04F79EFBC}") = "MauiAppFrameBug", "MauiAppFrameBug.csproj", "{834401B6-F8C4-4CE6-8E63-CD2BC2321C1F}"
EndProject
Global
	GlobalSection(SolutionConfigurationPlatforms) = preSolution
		Debug|Any CPU = Debug|Any CPU
		Release|Any CPU = Release|Any CPU
	EndGlobalSection
	GlobalSection(ProjectConfigurationPlatforms) = postSolution
		{834401B6-F8C4-4CE6-8E63-CD2BC2321C1F}.Debug|Any CPU.ActiveCfg = Debug|Any CPU
		{834401B6-F8C4-4CE6-8E63-CD2BC2321C1F}.Debug|Any CPU.Build.0 = Debug|Any CPU
		{834401B6-F8C4-4CE6-8E63-CD2BC2321C1F}.Debug|Any CPU.Deploy.0 = Debug|Any CPU
		{834401B6-F8C4-4CE6-8E63-CD2BC2321C1F}.Release|Any CPU.ActiveCfg = Release|Any CPU
		{834401B6-F8C4-4CE6-8E63-CD2BC2321C1F}.Release|Any CPU.Build.0 = Release|Any CPU
		{834401B6-F8C4-4CE6-8E63-CD2BC2321C1F}.Release|Any CPU.Deploy.0 = Release|Any CPU
	EndGlobalSection
	GlobalSection(SolutionProperties) = preSolution
		HideSolutionNode = FALSE
	EndGlobalSection
	GlobalSection(ExtensibilityGlobals) = postSolution
		SolutionGuid = {1975412B-1440-4820-A9B2-946B2268E587}
	EndGlobalSection
EndGlobal
